
Microsoft Visual Studio Solution File, Format Version 12.00
Project("{FAE04EC0-301F-11D3-BF4B-00C04F79EFBC}") = "NumericKernel", "NumericKernel\NumericKernel.csproj", "{B3772726-8D18-48FA-8E6C-EC9A32E741DB}"
EndProject
Project("{FAE04EC0-301F-11D3-BF4B-00C04F79EFBC}") = "NumericKernel.RuntimeCore", "NumericKernel.RuntimeCore\NumericKernel.RuntimeCore.csproj", "{C4D4A075-EB59-4B85-BEA8-A38CF7F660FF}"
EndProject
Project("{FAE04EC0-301F-11D3-BF4B-00C04F79EFBC}") = "Experiment", "Experiment\Experiment.csproj", "{75DFBC9E-9F8D-42BD-A816-2457ACEB6E15}"
EndProject
Global
	GlobalSection(SolutionConfigurationPlatforms) = preSolution
		Debug|Any CPU = Debug|Any CPU
		Release|Any CPU = Release|Any CPU
	EndGlobalSection
	GlobalSection(ProjectConfigurationPlatforms) = postSolution
		{B3772726-8D18-48FA-8E6C-EC9A32E741DB}.Debug|Any CPU.ActiveCfg = Debug|Any CPU
		{B3772726-8D18-48FA-8E6C-EC9A32E741DB}.Debug|Any CPU.Build.0 = Debug|Any CPU
		{B3772726-8D18-48FA-8E6C-EC9A32E741DB}.Release|Any CPU.ActiveCfg = Release|Any CPU
		{B3772726-8D18-48FA-8E6C-EC9A32E741DB}.Release|Any CPU.Build.0 = Release|Any CPU
		{C4D4A075-EB59-4B85-BEA8-A38CF7F660FF}.Debug|Any CPU.ActiveCfg = Debug|Any CPU
		{C4D4A075-EB59-4B85-BEA8-A38CF7F660FF}.Debug|Any CPU.Build.0 = Debug|Any CPU
		{C4D4A075-EB59-4B85-BEA8-A38CF7F660FF}.Release|Any CPU.ActiveCfg = Release|Any CPU
		{C4D4A075-EB59-4B85-BEA8-A38CF7F660FF}.Release|Any CPU.Build.0 = Release|Any CPU
		{75DFBC9E-9F8D-42BD-A816-2457ACEB6E15}.Debug|Any CPU.ActiveCfg = Debug|Any CPU
		{75DFBC9E-9F8D-42BD-A816-2457ACEB6E15}.Debug|Any CPU.Build.0 = Debug|Any CPU
		{75DFBC9E-9F8D-42BD-A816-2457ACEB6E15}.Release|Any CPU.ActiveCfg = Release|Any CPU
		{75DFBC9E-9F8D-42BD-A816-2457ACEB6E15}.Release|Any CPU.Build.0 = Release|Any CPU
	EndGlobalSection
EndGlobal
